// !$*UTF8*$!
{
	archiveVersion = 1;
	classes = {
	};
	objectVersion = 51;
	objects = {

/* Begin PBXBuildFile section */
		A643A6A12486ED6500BD3364 /* AppDelegate.swift in Sources */ = {isa = PBXBuildFile; fileRef = A643A6A02486ED6500BD3364 /* AppDelegate.swift */; };
		A643A6A32486ED6500BD3364 /* SceneDelegate.swift in Sources */ = {isa = PBXBuildFile; fileRef = A643A6A22486ED6500BD3364 /* SceneDelegate.swift */; };
		A643A6AA2486ED6900BD3364 /* Assets.xcassets in Resources */ = {isa = PBXBuildFile; fileRef = A643A6A92486ED6900BD3364 /* Assets.xcassets */; };
		A643A6AD2486ED6900BD3364 /* LaunchScreen.storyboard in Resources */ = {isa = PBXBuildFile; fileRef = A643A6AB2486ED6900BD3364 /* LaunchScreen.storyboard */; };
		A643A6BE2486EE5E00BD3364 /* User.swift in Sources */ = {isa = PBXBuildFile; fileRef = A643A6BD2486EE5E00BD3364 /* User.swift */; };
		A643A6C02487248300BD3364 /* Section.swift in Sources */ = {isa = PBXBuildFile; fileRef = A643A6BF2487248300BD3364 /* Section.swift */; };
		A643A6C42487249A00BD3364 /* UserController.swift in Sources */ = {isa = PBXBuildFile; fileRef = A643A6C32487249A00BD3364 /* UserController.swift */; };
		A643A6C6248724AD00BD3364 /* SectionController.swift in Sources */ = {isa = PBXBuildFile; fileRef = A643A6C5248724AD00BD3364 /* SectionController.swift */; };
		A643A6C8248724BA00BD3364 /* ItemController.swift in Sources */ = {isa = PBXBuildFile; fileRef = A643A6C7248724BA00BD3364 /* ItemController.swift */; };
		A643A6CE2487251C00BD3364 /* InventoryTableViewController.swift in Sources */ = {isa = PBXBuildFile; fileRef = A643A6CD2487251C00BD3364 /* InventoryTableViewController.swift */; };
		A64B45CC24D429F100367CC2 /* ContactListTableViewController.swift in Sources */ = {isa = PBXBuildFile; fileRef = A64B45CB24D429F100367CC2 /* ContactListTableViewController.swift */; };
		A64B45D224D42A6D00367CC2 /* ContactDetailViewController.swift in Sources */ = {isa = PBXBuildFile; fileRef = A64B45D124D42A6D00367CC2 /* ContactDetailViewController.swift */; };
		A64B45E024D432DF00367CC2 /* ItemTableViewController.swift in Sources */ = {isa = PBXBuildFile; fileRef = A64B45DF24D432DF00367CC2 /* ItemTableViewController.swift */; };
		A64B45E824D43E3E00367CC2 /* SettingSectionListTableViewController.swift in Sources */ = {isa = PBXBuildFile; fileRef = A64B45E724D43E3E00367CC2 /* SettingSectionListTableViewController.swift */; };
		A64B45EA24D43E5600367CC2 /* SettingListTableViewController.swift in Sources */ = {isa = PBXBuildFile; fileRef = A64B45E924D43E5600367CC2 /* SettingListTableViewController.swift */; };
		A64B45EC24D43E6B00367CC2 /* SettingDetailViewController.swift in Sources */ = {isa = PBXBuildFile; fileRef = A64B45EB24D43E6B00367CC2 /* SettingDetailViewController.swift */; };
		A64B460B24D4540100367CC2 /* Inventories.storyboard in Resources */ = {isa = PBXBuildFile; fileRef = A64B460A24D4540100367CC2 /* Inventories.storyboard */; };
		A64B461B24D45E5000367CC2 /* ProfileSettingsViewController.swift in Sources */ = {isa = PBXBuildFile; fileRef = A64B461A24D45E5000367CC2 /* ProfileSettingsViewController.swift */; };
		A67185A424D7838E00334EEA /* Scan.storyboard in Resources */ = {isa = PBXBuildFile; fileRef = A67185A324D7838E00334EEA /* Scan.storyboard */; };
		A67185A724D783EB00334EEA /* ScanCodeViewController.swift in Sources */ = {isa = PBXBuildFile; fileRef = A67185A624D783EB00334EEA /* ScanCodeViewController.swift */; };
		A680DD7D24ABABBF00A8A0A3 /* LoginViewController.swift in Sources */ = {isa = PBXBuildFile; fileRef = A680DD7C24ABABBF00A8A0A3 /* LoginViewController.swift */; };
		A680DD7F24ABABCF00A8A0A3 /* RegistrationViewController.swift in Sources */ = {isa = PBXBuildFile; fileRef = A680DD7E24ABABCF00A8A0A3 /* RegistrationViewController.swift */; };
		A680DD8124ABADEA00A8A0A3 /* ForgottenPasswordViewController.swift in Sources */ = {isa = PBXBuildFile; fileRef = A680DD8024ABADEA00A8A0A3 /* ForgottenPasswordViewController.swift */; };
		A697914F24B77CD3001581AA /* GoogleService-Info.plist in Resources */ = {isa = PBXBuildFile; fileRef = A697914E24B77CD3001581AA /* GoogleService-Info.plist */; };
		A697915424B7B94E001581AA /* InventoryTableViewCell.swift in Sources */ = {isa = PBXBuildFile; fileRef = A697915324B7B94E001581AA /* InventoryTableViewCell.swift */; };
		A6A23B3B24D7642800D56431 /* Contacts.storyboard in Resources */ = {isa = PBXBuildFile; fileRef = A6A23B3A24D7642800D56431 /* Contacts.storyboard */; };
		A6A23B3D24D766C200D56431 /* TabBar.storyboard in Resources */ = {isa = PBXBuildFile; fileRef = A6A23B3C24D766C200D56431 /* TabBar.storyboard */; };
		A6A23B4324D7723E00D56431 /* Main.storyboard in Resources */ = {isa = PBXBuildFile; fileRef = A6A23B4224D7723E00D56431 /* Main.storyboard */; };
		A6A8F44524CEDD4300C173CD /* EmailVerificationViewController.swift in Sources */ = {isa = PBXBuildFile; fileRef = A6A8F44424CEDD4300C173CD /* EmailVerificationViewController.swift */; };
		A6E0B87124DB32DE0021F32B /* Account.storyboard in Resources */ = {isa = PBXBuildFile; fileRef = A6E0B87024DB32DE0021F32B /* Account.storyboard */; };
		A6E0B87324DB45730021F32B /* ItemTableViewCell.swift in Sources */ = {isa = PBXBuildFile; fileRef = A6E0B87224DB45730021F32B /* ItemTableViewCell.swift */; };
		C47C2A6B4DF39EBD5A4C6E08 /* Pods_Totes.framework in Frameworks */ = {isa = PBXBuildFile; fileRef = 5A6F6C9A96DA0A476C5F11C9 /* Pods_Totes.framework */; };
/* End PBXBuildFile section */

/* Begin PBXFileReference section */
		581F75829FCB4205BA12DF98 /* Pods-Totes.release.xcconfig */ = {isa = PBXFileReference; includeInIndex = 1; lastKnownFileType = text.xcconfig; name = "Pods-Totes.release.xcconfig"; path = "Target Support Files/Pods-Totes/Pods-Totes.release.xcconfig"; sourceTree = "<group>"; };
		5A6F6C9A96DA0A476C5F11C9 /* Pods_Totes.framework */ = {isa = PBXFileReference; explicitFileType = wrapper.framework; includeInIndex = 0; path = Pods_Totes.framework; sourceTree = BUILT_PRODUCTS_DIR; };
		A643A69D2486ED6500BD3364 /* Totes.app */ = {isa = PBXFileReference; explicitFileType = wrapper.application; includeInIndex = 0; path = Totes.app; sourceTree = BUILT_PRODUCTS_DIR; };
		A643A6A02486ED6500BD3364 /* AppDelegate.swift */ = {isa = PBXFileReference; lastKnownFileType = sourcecode.swift; path = AppDelegate.swift; sourceTree = "<group>"; };
		A643A6A22486ED6500BD3364 /* SceneDelegate.swift */ = {isa = PBXFileReference; lastKnownFileType = sourcecode.swift; path = SceneDelegate.swift; sourceTree = "<group>"; };
		A643A6A92486ED6900BD3364 /* Assets.xcassets */ = {isa = PBXFileReference; lastKnownFileType = folder.assetcatalog; path = Assets.xcassets; sourceTree = "<group>"; };
		A643A6AC2486ED6900BD3364 /* Base */ = {isa = PBXFileReference; lastKnownFileType = file.storyboard; name = Base; path = Base.lproj/LaunchScreen.storyboard; sourceTree = "<group>"; };
		A643A6AE2486ED6900BD3364 /* Info.plist */ = {isa = PBXFileReference; lastKnownFileType = text.plist.xml; path = Info.plist; sourceTree = "<group>"; };
		A643A6BD2486EE5E00BD3364 /* User.swift */ = {isa = PBXFileReference; lastKnownFileType = sourcecode.swift; path = User.swift; sourceTree = "<group>"; };
		A643A6BF2487248300BD3364 /* Section.swift */ = {isa = PBXFileReference; lastKnownFileType = sourcecode.swift; path = Section.swift; sourceTree = "<group>"; };
		A643A6C32487249A00BD3364 /* UserController.swift */ = {isa = PBXFileReference; lastKnownFileType = sourcecode.swift; path = UserController.swift; sourceTree = "<group>"; };
		A643A6C5248724AD00BD3364 /* SectionController.swift */ = {isa = PBXFileReference; lastKnownFileType = sourcecode.swift; path = SectionController.swift; sourceTree = "<group>"; };
		A643A6C7248724BA00BD3364 /* ItemController.swift */ = {isa = PBXFileReference; lastKnownFileType = sourcecode.swift; path = ItemController.swift; sourceTree = "<group>"; };
		A643A6CD2487251C00BD3364 /* InventoryTableViewController.swift */ = {isa = PBXFileReference; lastKnownFileType = sourcecode.swift; path = InventoryTableViewController.swift; sourceTree = "<group>"; };
		A64B45CB24D429F100367CC2 /* ContactListTableViewController.swift */ = {isa = PBXFileReference; lastKnownFileType = sourcecode.swift; path = ContactListTableViewController.swift; sourceTree = "<group>"; };
		A64B45D124D42A6D00367CC2 /* ContactDetailViewController.swift */ = {isa = PBXFileReference; lastKnownFileType = sourcecode.swift; path = ContactDetailViewController.swift; sourceTree = "<group>"; };
		A64B45DF24D432DF00367CC2 /* ItemTableViewController.swift */ = {isa = PBXFileReference; lastKnownFileType = sourcecode.swift; path = ItemTableViewController.swift; sourceTree = "<group>"; };
		A64B45E724D43E3E00367CC2 /* SettingSectionListTableViewController.swift */ = {isa = PBXFileReference; lastKnownFileType = sourcecode.swift; path = SettingSectionListTableViewController.swift; sourceTree = "<group>"; };
		A64B45E924D43E5600367CC2 /* SettingListTableViewController.swift */ = {isa = PBXFileReference; lastKnownFileType = sourcecode.swift; path = SettingListTableViewController.swift; sourceTree = "<group>"; };
		A64B45EB24D43E6B00367CC2 /* SettingDetailViewController.swift */ = {isa = PBXFileReference; lastKnownFileType = sourcecode.swift; path = SettingDetailViewController.swift; sourceTree = "<group>"; };
		A64B460A24D4540100367CC2 /* Inventories.storyboard */ = {isa = PBXFileReference; lastKnownFileType = file.storyboard; path = Inventories.storyboard; sourceTree = "<group>"; };
		A64B461A24D45E5000367CC2 /* ProfileSettingsViewController.swift */ = {isa = PBXFileReference; lastKnownFileType = sourcecode.swift; path = ProfileSettingsViewController.swift; sourceTree = "<group>"; };
		A67185A324D7838E00334EEA /* Scan.storyboard */ = {isa = PBXFileReference; lastKnownFileType = file.storyboard; path = Scan.storyboard; sourceTree = "<group>"; };
		A67185A624D783EB00334EEA /* ScanCodeViewController.swift */ = {isa = PBXFileReference; lastKnownFileType = sourcecode.swift; path = ScanCodeViewController.swift; sourceTree = "<group>"; };
		A680DD7C24ABABBF00A8A0A3 /* LoginViewController.swift */ = {isa = PBXFileReference; lastKnownFileType = sourcecode.swift; path = LoginViewController.swift; sourceTree = "<group>"; };
		A680DD7E24ABABCF00A8A0A3 /* RegistrationViewController.swift */ = {isa = PBXFileReference; lastKnownFileType = sourcecode.swift; path = RegistrationViewController.swift; sourceTree = "<group>"; };
		A680DD8024ABADEA00A8A0A3 /* ForgottenPasswordViewController.swift */ = {isa = PBXFileReference; lastKnownFileType = sourcecode.swift; path = ForgottenPasswordViewController.swift; sourceTree = "<group>"; };
		A697914E24B77CD3001581AA /* GoogleService-Info.plist */ = {isa = PBXFileReference; fileEncoding = 4; lastKnownFileType = text.plist.xml; path = "GoogleService-Info.plist"; sourceTree = "<group>"; };
		A697915324B7B94E001581AA /* InventoryTableViewCell.swift */ = {isa = PBXFileReference; lastKnownFileType = sourcecode.swift; path = InventoryTableViewCell.swift; sourceTree = "<group>"; };
		A6A23B3A24D7642800D56431 /* Contacts.storyboard */ = {isa = PBXFileReference; lastKnownFileType = file.storyboard; path = Contacts.storyboard; sourceTree = "<group>"; };
		A6A23B3C24D766C200D56431 /* TabBar.storyboard */ = {isa = PBXFileReference; lastKnownFileType = file.storyboard; path = TabBar.storyboard; sourceTree = "<group>"; };
		A6A23B4224D7723E00D56431 /* Main.storyboard */ = {isa = PBXFileReference; lastKnownFileType = file.storyboard; path = Main.storyboard; sourceTree = "<group>"; };
		A6A8F44424CEDD4300C173CD /* EmailVerificationViewController.swift */ = {isa = PBXFileReference; lastKnownFileType = sourcecode.swift; path = EmailVerificationViewController.swift; sourceTree = "<group>"; };
		A6E0B87024DB32DE0021F32B /* Account.storyboard */ = {isa = PBXFileReference; lastKnownFileType = file.storyboard; path = Account.storyboard; sourceTree = "<group>"; };
		A6E0B87224DB45730021F32B /* ItemTableViewCell.swift */ = {isa = PBXFileReference; lastKnownFileType = sourcecode.swift; path = ItemTableViewCell.swift; sourceTree = "<group>"; };
		B3BB852FC84B16DDDC7DD7B1 /* Pods-Totes.debug.xcconfig */ = {isa = PBXFileReference; includeInIndex = 1; lastKnownFileType = text.xcconfig; name = "Pods-Totes.debug.xcconfig"; path = "Target Support Files/Pods-Totes/Pods-Totes.debug.xcconfig"; sourceTree = "<group>"; };
/* End PBXFileReference section */

/* Begin PBXFrameworksBuildPhase section */
		A643A69A2486ED6500BD3364 /* Frameworks */ = {
			isa = PBXFrameworksBuildPhase;
			buildActionMask = 2147483647;
			files = (
				C47C2A6B4DF39EBD5A4C6E08 /* Pods_Totes.framework in Frameworks */,
			);
			runOnlyForDeploymentPostprocessing = 0;
		};
/* End PBXFrameworksBuildPhase section */

/* Begin PBXGroup section */
		28310A05C15FAE668D8AD79B /* Frameworks */ = {
			isa = PBXGroup;
			children = (
				5A6F6C9A96DA0A476C5F11C9 /* Pods_Totes.framework */,
			);
			name = Frameworks;
			sourceTree = "<group>";
		};
		A643A6942486ED6500BD3364 = {
			isa = PBXGroup;
			children = (
				A643A69F2486ED6500BD3364 /* Totes */,
				A643A69E2486ED6500BD3364 /* Products */,
				C859188159BC12E293A5773F /* Pods */,
				28310A05C15FAE668D8AD79B /* Frameworks */,
			);
			sourceTree = "<group>";
		};
		A643A69E2486ED6500BD3364 /* Products */ = {
			isa = PBXGroup;
			children = (
				A643A69D2486ED6500BD3364 /* Totes.app */,
			);
			name = Products;
			sourceTree = "<group>";
		};
		A643A69F2486ED6500BD3364 /* Totes */ = {
			isa = PBXGroup;
			children = (
				A643A6B82486ED9200BD3364 /* Models */,
				A643A6B72486ED8F00BD3364 /* Views */,
				A643A6B62486ED8700BD3364 /* Controllers */,
				A643A6B52486ED8100BD3364 /* Resources */,
				A643A6B42486ED7400BD3364 /* Helpers & Extensions */,
			);
			path = Totes;
			sourceTree = "<group>";
		};
		A643A6B42486ED7400BD3364 /* Helpers & Extensions */ = {
			isa = PBXGroup;
			children = (
			);
			path = "Helpers & Extensions";
			sourceTree = "<group>";
		};
		A643A6B52486ED8100BD3364 /* Resources */ = {
			isa = PBXGroup;
			children = (
				A643A6A02486ED6500BD3364 /* AppDelegate.swift */,
				A643A6A22486ED6500BD3364 /* SceneDelegate.swift */,
				A643A6A92486ED6900BD3364 /* Assets.xcassets */,
				A643A6AB2486ED6900BD3364 /* LaunchScreen.storyboard */,
				A643A6AE2486ED6900BD3364 /* Info.plist */,
				A697914E24B77CD3001581AA /* GoogleService-Info.plist */,
			);
			path = Resources;
			sourceTree = "<group>";
		};
		A643A6B62486ED8700BD3364 /* Controllers */ = {
			isa = PBXGroup;
			children = (
				A643A6BB2486EDB000BD3364 /* Model Controllers */,
				A643A6BA2486EDAA00BD3364 /* View Controllers */,
			);
			path = Controllers;
			sourceTree = "<group>";
		};
		A643A6B72486ED8F00BD3364 /* Views */ = {
			isa = PBXGroup;
			children = (
				A697915224B7B925001581AA /* Custom Views */,
				A643A6B92486EDA100BD3364 /* Storyboards */,
			);
			path = Views;
			sourceTree = "<group>";
		};
		A643A6B82486ED9200BD3364 /* Models */ = {
			isa = PBXGroup;
			children = (
				A643A6BD2486EE5E00BD3364 /* User.swift */,
				A643A6BF2487248300BD3364 /* Section.swift */,
			);
			path = Models;
			sourceTree = "<group>";
		};
		A643A6B92486EDA100BD3364 /* Storyboards */ = {
			isa = PBXGroup;
			children = (
				A64B460A24D4540100367CC2 /* Inventories.storyboard */,
				A6A23B3C24D766C200D56431 /* TabBar.storyboard */,
				A6A23B3A24D7642800D56431 /* Contacts.storyboard */,
				A6A23B4224D7723E00D56431 /* Main.storyboard */,
				A67185A324D7838E00334EEA /* Scan.storyboard */,
				A6E0B87024DB32DE0021F32B /* Account.storyboard */,
			);
			path = Storyboards;
			sourceTree = "<group>";
		};
		A643A6BA2486EDAA00BD3364 /* View Controllers */ = {
			isa = PBXGroup;
			children = (
				A67185A524D783B200334EEA /* Scan */,
				A64B45FF24D4512900367CC2 /* Main */,
				A64B45FD24D450FD00367CC2 /* Contacts */,
				A64B45FB24D4509A00367CC2 /* Inventories */,
				A64B45F924D4508800367CC2 /* Account */,
			);
			path = "View Controllers";
			sourceTree = "<group>";
		};
		A643A6BB2486EDB000BD3364 /* Model Controllers */ = {
			isa = PBXGroup;
			children = (
				A643A6C32487249A00BD3364 /* UserController.swift */,
				A643A6C5248724AD00BD3364 /* SectionController.swift */,
				A643A6C7248724BA00BD3364 /* ItemController.swift */,
			);
			path = "Model Controllers";
			sourceTree = "<group>";
		};
		A64B45F924D4508800367CC2 /* Account */ = {
			isa = PBXGroup;
			children = (
				A64B45E924D43E5600367CC2 /* SettingListTableViewController.swift */,
				A64B45E724D43E3E00367CC2 /* SettingSectionListTableViewController.swift */,
				A64B45EB24D43E6B00367CC2 /* SettingDetailViewController.swift */,
				A64B461A24D45E5000367CC2 /* ProfileSettingsViewController.swift */,
			);
			path = Account;
			sourceTree = "<group>";
		};
		A64B45FB24D4509A00367CC2 /* Inventories */ = {
			isa = PBXGroup;
			children = (
				A643A6CD2487251C00BD3364 /* InventoryTableViewController.swift */,
				A64B45DF24D432DF00367CC2 /* ItemTableViewController.swift */,
			);
			path = Inventories;
			sourceTree = "<group>";
		};
		A64B45FD24D450FD00367CC2 /* Contacts */ = {
			isa = PBXGroup;
			children = (
				A64B45CB24D429F100367CC2 /* ContactListTableViewController.swift */,
				A64B45D124D42A6D00367CC2 /* ContactDetailViewController.swift */,
			);
			path = Contacts;
			sourceTree = "<group>";
		};
		A64B45FF24D4512900367CC2 /* Main */ = {
			isa = PBXGroup;
			children = (
				A680DD7C24ABABBF00A8A0A3 /* LoginViewController.swift */,
				A680DD7E24ABABCF00A8A0A3 /* RegistrationViewController.swift */,
				A6A8F44424CEDD4300C173CD /* EmailVerificationViewController.swift */,
				A680DD8024ABADEA00A8A0A3 /* ForgottenPasswordViewController.swift */,
			);
			path = Main;
			sourceTree = "<group>";
		};
		A67185A524D783B200334EEA /* Scan */ = {
			isa = PBXGroup;
			children = (
				A67185A624D783EB00334EEA /* ScanCodeViewController.swift */,
			);
			path = Scan;
			sourceTree = "<group>";
		};
		A697915224B7B925001581AA /* Custom Views */ = {
			isa = PBXGroup;
			children = (
				A697915324B7B94E001581AA /* InventoryTableViewCell.swift */,
				A6E0B87224DB45730021F32B /* ItemTableViewCell.swift */,
			);
			path = "Custom Views";
			sourceTree = "<group>";
		};
		C859188159BC12E293A5773F /* Pods */ = {
			isa = PBXGroup;
			children = (
				B3BB852FC84B16DDDC7DD7B1 /* Pods-Totes.debug.xcconfig */,
				581F75829FCB4205BA12DF98 /* Pods-Totes.release.xcconfig */,
			);
			path = Pods;
			sourceTree = "<group>";
		};
/* End PBXGroup section */

/* Begin PBXNativeTarget section */
		A643A69C2486ED6500BD3364 /* Totes */ = {
			isa = PBXNativeTarget;
			buildConfigurationList = A643A6B12486ED6900BD3364 /* Build configuration list for PBXNativeTarget "Totes" */;
			buildPhases = (
				DD28D1A1EF7A46DA3BEAEF65 /* [CP] Check Pods Manifest.lock */,
				A643A6992486ED6500BD3364 /* Sources */,
				A643A69A2486ED6500BD3364 /* Frameworks */,
				A643A69B2486ED6500BD3364 /* Resources */,
				662A4B34CB917792FDE7DC9B /* [CP] Embed Pods Frameworks */,
			);
			buildRules = (
			);
			dependencies = (
			);
			name = Totes;
			productName = Totes;
			productReference = A643A69D2486ED6500BD3364 /* Totes.app */;
			productType = "com.apple.product-type.application";
		};
/* End PBXNativeTarget section */

/* Begin PBXProject section */
		A643A6952486ED6500BD3364 /* Project object */ = {
			isa = PBXProject;
			attributes = {
				LastSwiftUpdateCheck = 1140;
				LastUpgradeCheck = 1140;
				ORGANIZATIONNAME = "Max Susman";
				TargetAttributes = {
					A643A69C2486ED6500BD3364 = {
						CreatedOnToolsVersion = 11.4.1;
					};
				};
			};
			buildConfigurationList = A643A6982486ED6500BD3364 /* Build configuration list for PBXProject "Totes" */;
			compatibilityVersion = "Xcode 9.3";
			developmentRegion = en;
			hasScannedForEncodings = 0;
			knownRegions = (
				en,
				Base,
			);
			mainGroup = A643A6942486ED6500BD3364;
			productRefGroup = A643A69E2486ED6500BD3364 /* Products */;
			projectDirPath = "";
			projectRoot = "";
			targets = (
				A643A69C2486ED6500BD3364 /* Totes */,
			);
		};
/* End PBXProject section */

/* Begin PBXResourcesBuildPhase section */
		A643A69B2486ED6500BD3364 /* Resources */ = {
			isa = PBXResourcesBuildPhase;
			buildActionMask = 2147483647;
			files = (
				A643A6AD2486ED6900BD3364 /* LaunchScreen.storyboard in Resources */,
				A697914F24B77CD3001581AA /* GoogleService-Info.plist in Resources */,
				A6E0B87124DB32DE0021F32B /* Account.storyboard in Resources */,
				A64B460B24D4540100367CC2 /* Inventories.storyboard in Resources */,
				A643A6AA2486ED6900BD3364 /* Assets.xcassets in Resources */,
				A6A23B4324D7723E00D56431 /* Main.storyboard in Resources */,
				A6A23B3D24D766C200D56431 /* TabBar.storyboard in Resources */,
				A6A23B3B24D7642800D56431 /* Contacts.storyboard in Resources */,
				A67185A424D7838E00334EEA /* Scan.storyboard in Resources */,
			);
			runOnlyForDeploymentPostprocessing = 0;
		};
/* End PBXResourcesBuildPhase section */

/* Begin PBXShellScriptBuildPhase section */
		662A4B34CB917792FDE7DC9B /* [CP] Embed Pods Frameworks */ = {
			isa = PBXShellScriptBuildPhase;
			buildActionMask = 2147483647;
			files = (
			);
			inputFileListPaths = (
				"${PODS_ROOT}/Target Support Files/Pods-Totes/Pods-Totes-frameworks-${CONFIGURATION}-input-files.xcfilelist",
			);
			name = "[CP] Embed Pods Frameworks";
			outputFileListPaths = (
				"${PODS_ROOT}/Target Support Files/Pods-Totes/Pods-Totes-frameworks-${CONFIGURATION}-output-files.xcfilelist",
			);
			runOnlyForDeploymentPostprocessing = 0;
			shellPath = /bin/sh;
			shellScript = "\"${PODS_ROOT}/Target Support Files/Pods-Totes/Pods-Totes-frameworks.sh\"\n";
			showEnvVarsInLog = 0;
		};
		DD28D1A1EF7A46DA3BEAEF65 /* [CP] Check Pods Manifest.lock */ = {
			isa = PBXShellScriptBuildPhase;
			buildActionMask = 2147483647;
			files = (
			);
			inputFileListPaths = (
			);
			inputPaths = (
				"${PODS_PODFILE_DIR_PATH}/Podfile.lock",
				"${PODS_ROOT}/Manifest.lock",
			);
			name = "[CP] Check Pods Manifest.lock";
			outputFileListPaths = (
			);
			outputPaths = (
				"$(DERIVED_FILE_DIR)/Pods-Totes-checkManifestLockResult.txt",
			);
			runOnlyForDeploymentPostprocessing = 0;
			shellPath = /bin/sh;
			shellScript = "diff \"${PODS_PODFILE_DIR_PATH}/Podfile.lock\" \"${PODS_ROOT}/Manifest.lock\" > /dev/null\nif [ $? != 0 ] ; then\n    # print error to STDERR\n    echo \"error: The sandbox is not in sync with the Podfile.lock. Run 'pod install' or update your CocoaPods installation.\" >&2\n    exit 1\nfi\n# This output is used by Xcode 'outputs' to avoid re-running this script phase.\necho \"SUCCESS\" > \"${SCRIPT_OUTPUT_FILE_0}\"\n";
			showEnvVarsInLog = 0;
		};
/* End PBXShellScriptBuildPhase section */

/* Begin PBXSourcesBuildPhase section */
		A643A6992486ED6500BD3364 /* Sources */ = {
			isa = PBXSourcesBuildPhase;
			buildActionMask = 2147483647;
			files = (
				A643A6C6248724AD00BD3364 /* SectionController.swift in Sources */,
				A643A6C42487249A00BD3364 /* UserController.swift in Sources */,
				A67185A724D783EB00334EEA /* ScanCodeViewController.swift in Sources */,
				A643A6CE2487251C00BD3364 /* InventoryTableViewController.swift in Sources */,
				A64B45D224D42A6D00367CC2 /* ContactDetailViewController.swift in Sources */,
				A643A6C8248724BA00BD3364 /* ItemController.swift in Sources */,
				A64B45CC24D429F100367CC2 /* ContactListTableViewController.swift in Sources */,
				A680DD7F24ABABCF00A8A0A3 /* RegistrationViewController.swift in Sources */,
				A64B45EC24D43E6B00367CC2 /* SettingDetailViewController.swift in Sources */,
				A643A6A12486ED6500BD3364 /* AppDelegate.swift in Sources */,
				A643A6C02487248300BD3364 /* Section.swift in Sources */,
				A643A6A32486ED6500BD3364 /* SceneDelegate.swift in Sources */,
				A6A8F44524CEDD4300C173CD /* EmailVerificationViewController.swift in Sources */,
				A64B461B24D45E5000367CC2 /* ProfileSettingsViewController.swift in Sources */,
				A680DD8124ABADEA00A8A0A3 /* ForgottenPasswordViewController.swift in Sources */,
				A697915424B7B94E001581AA /* InventoryTableViewCell.swift in Sources */,
				A64B45E824D43E3E00367CC2 /* SettingSectionListTableViewController.swift in Sources */,
				A64B45E024D432DF00367CC2 /* ItemTableViewController.swift in Sources */,
				A643A6BE2486EE5E00BD3364 /* User.swift in Sources */,
				A680DD7D24ABABBF00A8A0A3 /* LoginViewController.swift in Sources */,
				A6E0B87324DB45730021F32B /* ItemTableViewCell.swift in Sources */,
				A64B45EA24D43E5600367CC2 /* SettingListTableViewController.swift in Sources */,
			);
			runOnlyForDeploymentPostprocessing = 0;
		};
/* End PBXSourcesBuildPhase section */

/* Begin PBXVariantGroup section */
		A643A6AB2486ED6900BD3364 /* LaunchScreen.storyboard */ = {
			isa = PBXVariantGroup;
			children = (
				A643A6AC2486ED6900BD3364 /* Base */,
			);
			name = LaunchScreen.storyboard;
			sourceTree = "<group>";
		};
/* End PBXVariantGroup section */

/* Begin XCBuildConfiguration section */
		A643A6AF2486ED6900BD3364 /* Debug */ = {
			isa = XCBuildConfiguration;
			buildSettings = {
				ALWAYS_SEARCH_USER_PATHS = NO;
				CLANG_ANALYZER_NONNULL = YES;
				CLANG_ANALYZER_NUMBER_OBJECT_CONVERSION = YES_AGGRESSIVE;
				CLANG_CXX_LANGUAGE_STANDARD = "gnu++14";
				CLANG_CXX_LIBRARY = "libc++";
				CLANG_ENABLE_MODULES = YES;
				CLANG_ENABLE_OBJC_ARC = YES;
				CLANG_ENABLE_OBJC_WEAK = YES;
				CLANG_WARN_BLOCK_CAPTURE_AUTORELEASING = YES;
				CLANG_WARN_BOOL_CONVERSION = YES;
				CLANG_WARN_COMMA = YES;
				CLANG_WARN_CONSTANT_CONVERSION = YES;
				CLANG_WARN_DEPRECATED_OBJC_IMPLEMENTATIONS = YES;
				CLANG_WARN_DIRECT_OBJC_ISA_USAGE = YES_ERROR;
				CLANG_WARN_DOCUMENTATION_COMMENTS = YES;
				CLANG_WARN_EMPTY_BODY = YES;
				CLANG_WARN_ENUM_CONVERSION = YES;
				CLANG_WARN_INFINITE_RECURSION = YES;
				CLANG_WARN_INT_CONVERSION = YES;
				CLANG_WARN_NON_LITERAL_NULL_CONVERSION = YES;
				CLANG_WARN_OBJC_IMPLICIT_RETAIN_SELF = YES;
				CLANG_WARN_OBJC_LITERAL_CONVERSION = YES;
				CLANG_WARN_OBJC_ROOT_CLASS = YES_ERROR;
				CLANG_WARN_RANGE_LOOP_ANALYSIS = YES;
				CLANG_WARN_STRICT_PROTOTYPES = YES;
				CLANG_WARN_SUSPICIOUS_MOVE = YES;
				CLANG_WARN_UNGUARDED_AVAILABILITY = YES_AGGRESSIVE;
				CLANG_WARN_UNREACHABLE_CODE = YES;
				CLANG_WARN__DUPLICATE_METHOD_MATCH = YES;
				COPY_PHASE_STRIP = NO;
				DEBUG_INFORMATION_FORMAT = dwarf;
				ENABLE_STRICT_OBJC_MSGSEND = YES;
				ENABLE_TESTABILITY = YES;
				GCC_C_LANGUAGE_STANDARD = gnu11;
				GCC_DYNAMIC_NO_PIC = NO;
				GCC_NO_COMMON_BLOCKS = YES;
				GCC_OPTIMIZATION_LEVEL = 0;
				GCC_PREPROCESSOR_DEFINITIONS = (
					"DEBUG=1",
					"$(inherited)",
				);
				GCC_WARN_64_TO_32_BIT_CONVERSION = YES;
				GCC_WARN_ABOUT_RETURN_TYPE = YES_ERROR;
				GCC_WARN_UNDECLARED_SELECTOR = YES;
				GCC_WARN_UNINITIALIZED_AUTOS = YES_AGGRESSIVE;
				GCC_WARN_UNUSED_FUNCTION = YES;
				GCC_WARN_UNUSED_VARIABLE = YES;
				IPHONEOS_DEPLOYMENT_TARGET = 13.4;
				MTL_ENABLE_DEBUG_INFO = INCLUDE_SOURCE;
				MTL_FAST_MATH = YES;
				ONLY_ACTIVE_ARCH = YES;
				SDKROOT = iphoneos;
				SWIFT_ACTIVE_COMPILATION_CONDITIONS = DEBUG;
				SWIFT_OPTIMIZATION_LEVEL = "-Onone";
			};
			name = Debug;
		};
		A643A6B02486ED6900BD3364 /* Release */ = {
			isa = XCBuildConfiguration;
			buildSettings = {
				ALWAYS_SEARCH_USER_PATHS = NO;
				CLANG_ANALYZER_NONNULL = YES;
				CLANG_ANALYZER_NUMBER_OBJECT_CONVERSION = YES_AGGRESSIVE;
				CLANG_CXX_LANGUAGE_STANDARD = "gnu++14";
				CLANG_CXX_LIBRARY = "libc++";
				CLANG_ENABLE_MODULES = YES;
				CLANG_ENABLE_OBJC_ARC = YES;
				CLANG_ENABLE_OBJC_WEAK = YES;
				CLANG_WARN_BLOCK_CAPTURE_AUTORELEASING = YES;
				CLANG_WARN_BOOL_CONVERSION = YES;
				CLANG_WARN_COMMA = YES;
				CLANG_WARN_CONSTANT_CONVERSION = YES;
				CLANG_WARN_DEPRECATED_OBJC_IMPLEMENTATIONS = YES;
				CLANG_WARN_DIRECT_OBJC_ISA_USAGE = YES_ERROR;
				CLANG_WARN_DOCUMENTATION_COMMENTS = YES;
				CLANG_WARN_EMPTY_BODY = YES;
				CLANG_WARN_ENUM_CONVERSION = YES;
				CLANG_WARN_INFINITE_RECURSION = YES;
				CLANG_WARN_INT_CONVERSION = YES;
				CLANG_WARN_NON_LITERAL_NULL_CONVERSION = YES;
				CLANG_WARN_OBJC_IMPLICIT_RETAIN_SELF = YES;
				CLANG_WARN_OBJC_LITERAL_CONVERSION = YES;
				CLANG_WARN_OBJC_ROOT_CLASS = YES_ERROR;
				CLANG_WARN_RANGE_LOOP_ANALYSIS = YES;
				CLANG_WARN_STRICT_PROTOTYPES = YES;
				CLANG_WARN_SUSPICIOUS_MOVE = YES;
				CLANG_WARN_UNGUARDED_AVAILABILITY = YES_AGGRESSIVE;
				CLANG_WARN_UNREACHABLE_CODE = YES;
				CLANG_WARN__DUPLICATE_METHOD_MATCH = YES;
				COPY_PHASE_STRIP = NO;
				DEBUG_INFORMATION_FORMAT = "dwarf-with-dsym";
				ENABLE_NS_ASSERTIONS = NO;
				ENABLE_STRICT_OBJC_MSGSEND = YES;
				GCC_C_LANGUAGE_STANDARD = gnu11;
				GCC_NO_COMMON_BLOCKS = YES;
				GCC_WARN_64_TO_32_BIT_CONVERSION = YES;
				GCC_WARN_ABOUT_RETURN_TYPE = YES_ERROR;
				GCC_WARN_UNDECLARED_SELECTOR = YES;
				GCC_WARN_UNINITIALIZED_AUTOS = YES_AGGRESSIVE;
				GCC_WARN_UNUSED_FUNCTION = YES;
				GCC_WARN_UNUSED_VARIABLE = YES;
				IPHONEOS_DEPLOYMENT_TARGET = 13.4;
				MTL_ENABLE_DEBUG_INFO = NO;
				MTL_FAST_MATH = YES;
				SDKROOT = iphoneos;
				SWIFT_COMPILATION_MODE = wholemodule;
				SWIFT_OPTIMIZATION_LEVEL = "-O";
				VALIDATE_PRODUCT = YES;
			};
			name = Release;
		};
		A643A6B22486ED6900BD3364 /* Debug */ = {
			isa = XCBuildConfiguration;
			baseConfigurationReference = B3BB852FC84B16DDDC7DD7B1 /* Pods-Totes.debug.xcconfig */;
			buildSettings = {
				ASSETCATALOG_COMPILER_APPICON_NAME = AppIcon;
				CODE_SIGN_STYLE = Automatic;
				DEVELOPMENT_TEAM = 354UWT7ZK9;
				INFOPLIST_FILE = Totes/Resources/Info.plist;
				LD_RUNPATH_SEARCH_PATHS = (
					"$(inherited)",
					"@executable_path/Frameworks",
				);
				PRODUCT_BUNDLE_IDENTIFIER = com.MGS.Totes;
				PRODUCT_NAME = "$(TARGET_NAME)";
				SWIFT_VERSION = 5.0;
				TARGETED_DEVICE_FAMILY = "1,2";
			};
			name = Debug;
		};
		A643A6B32486ED6900BD3364 /* Release */ = {
			isa = XCBuildConfiguration;
			baseConfigurationReference = 581F75829FCB4205BA12DF98 /* Pods-Totes.release.xcconfig */;
			buildSettings = {
				ASSETCATALOG_COMPILER_APPICON_NAME = AppIcon;
				CODE_SIGN_STYLE = Automatic;
				DEVELOPMENT_TEAM = 354UWT7ZK9;
				INFOPLIST_FILE = Totes/Resources/Info.plist;
				LD_RUNPATH_SEARCH_PATHS = (
					"$(inherited)",
					"@executable_path/Frameworks",
				);
				PRODUCT_BUNDLE_IDENTIFIER = com.MGS.Totes;
				PRODUCT_NAME = "$(TARGET_NAME)";
				SWIFT_VERSION = 5.0;
				TARGETED_DEVICE_FAMILY = "1,2";
			};
			name = Release;
		};
/* End XCBuildConfiguration section */

/* Begin XCConfigurationList section */
		A643A6982486ED6500BD3364 /* Build configuration list for PBXProject "Totes" */ = {
			isa = XCConfigurationList;
			buildConfigurations = (
				A643A6AF2486ED6900BD3364 /* Debug */,
				A643A6B02486ED6900BD3364 /* Release */,
			);
			defaultConfigurationIsVisible = 0;
			defaultConfigurationName = Release;
		};
		A643A6B12486ED6900BD3364 /* Build configuration list for PBXNativeTarget "Totes" */ = {
			isa = XCConfigurationList;
			buildConfigurations = (
				A643A6B22486ED6900BD3364 /* Debug */,
				A643A6B32486ED6900BD3364 /* Release */,
			);
			defaultConfigurationIsVisible = 0;
			defaultConfigurationName = Release;
		};
/* End XCConfigurationList section */
	};
	rootObject = A643A6952486ED6500BD3364 /* Project object */;
}
